
Microsoft Visual Studio Solution File, Format Version 12.00
# Visual Studio Version 17
VisualStudioVersion = 17.1.32319.34
MinimumVisualStudioVersion = 10.0.40219.1
Project("{FAE04EC0-301F-11D3-BF4B-00C04F79EFBC}") = "ChatServer", "ChatServer\ChatServer.csproj", "{097CB925-B90D-4847-B553-3EC890ABB341}"
EndProject
Project("{FAE04EC0-301F-11D3-BF4B-00C04F79EFBC}") = "CrossNetworkChat.Android", "CrossNetworkChat\CrossNetworkChat.Android\CrossNetworkChat.Android.csproj", "{DF18BA41-552A-46CB-B248-8D70FDA6B916}"
EndProject
Project("{FAE04EC0-301F-11D3-BF4B-00C04F79EFBC}") = "CrossNetworkChat", "CrossNetworkChat\CrossNetworkChat\CrossNetworkChat.csproj", "{F2C38F36-C387-4D57-8F61-CD65423AFA30}"
EndProject
Global
	GlobalSection(SolutionConfigurationPlatforms) = preSolution
		Debug|Any CPU = Debug|Any CPU
		Release|Any CPU = Release|Any CPU
	EndGlobalSection
	GlobalSection(ProjectConfigurationPlatforms) = postSolution
		{097CB925-B90D-4847-B553-3EC890ABB341}.Debug|Any CPU.ActiveCfg = Debug|Any CPU
		{097CB925-B90D-4847-B553-3EC890ABB341}.Debug|Any CPU.Build.0 = Debug|Any CPU
		{097CB925-B90D-4847-B553-3EC890ABB341}.Release|Any CPU.ActiveCfg = Release|Any CPU
		{097CB925-B90D-4847-B553-3EC890ABB341}.Release|Any CPU.Build.0 = Release|Any CPU
		{DF18BA41-552A-46CB-B248-8D70FDA6B916}.Debug|Any CPU.ActiveCfg = Debug|Any CPU
		{DF18BA41-552A-46CB-B248-8D70FDA6B916}.Debug|Any CPU.Build.0 = Debug|Any CPU
		{DF18BA41-552A-46CB-B248-8D70FDA6B916}.Debug|Any CPU.Deploy.0 = Debug|Any CPU
		{DF18BA41-552A-46CB-B248-8D70FDA6B916}.Release|Any CPU.ActiveCfg = Release|Any CPU
		{DF18BA41-552A-46CB-B248-8D70FDA6B916}.Release|Any CPU.Build.0 = Release|Any CPU
		{DF18BA41-552A-46CB-B248-8D70FDA6B916}.Release|Any CPU.Deploy.0 = Release|Any CPU
		{F2C38F36-C387-4D57-8F61-CD65423AFA30}.Debug|Any CPU.ActiveCfg = Debug|Any CPU
		{F2C38F36-C387-4D57-8F61-CD65423AFA30}.Debug|Any CPU.Build.0 = Debug|Any CPU
		{F2C38F36-C387-4D57-8F61-CD65423AFA30}.Release|Any CPU.ActiveCfg = Release|Any CPU
		{F2C38F36-C387-4D57-8F61-CD65423AFA30}.Release|Any CPU.Build.0 = Release|Any CPU
	EndGlobalSection
	GlobalSection(SolutionProperties) = preSolution
		HideSolutionNode = FALSE
	EndGlobalSection
	GlobalSection(ExtensibilityGlobals) = postSolution
		SolutionGuid = {D2F2861B-49FA-4E02-B82F-08B09AE9F310}
	EndGlobalSection
EndGlobal
